PODS:
  - CocoaAsyncSocket (7.6.0)
  - SwiftyJSON (3.1.4)

DEPENDENCIES:
  - CocoaAsyncSocket
  - SwiftyJSON

SPEC CHECKSUMS:
  CocoaAsyncSocket: b9d5589f07baf9de8f34cc25abd4fcba28f13805
  SwiftyJSON: c2842d878f95482ffceec5709abc3d05680c0220

PODFILE CHECKSUM: 54ac78fc6f746ac36f1e69a5f377a68ed91c808f

COCOAPODS: 1.1.1
