// !$*UTF8*$!
{
	archiveVersion = 1;
	classes = {
	};
	objectVersion = 46;
	objects = {

/* Begin PBXBuildFile section */
		420BF23E1E6963AD000C189B /* SERequestPackage.swift in Sources */ = {isa = PBXBuildFile; fileRef = 420BF23D1E6963AD000C189B /* SERequestPackage.swift */; };
		4240EFE61E669198005A2EF9 /* AppDelegate.swift in Sources */ = {isa = PBXBuildFile; fileRef = 4240EFE51E669198005A2EF9 /* AppDelegate.swift */; };
		4240EFED1E669198005A2EF9 /* Assets.xcassets in Resources */ = {isa = PBXBuildFile; fileRef = 4240EFEC1E669198005A2EF9 /* Assets.xcassets */; };
		4240EFFB1E669198005A2EF9 /* Swift_IMTests.swift in Sources */ = {isa = PBXBuildFile; fileRef = 4240EFFA1E669198005A2EF9 /* Swift_IMTests.swift */; };
		4240F0061E669198005A2EF9 /* Swift_IMUITests.swift in Sources */ = {isa = PBXBuildFile; fileRef = 4240F0051E669198005A2EF9 /* Swift_IMUITests.swift */; };
		4240F02D1E669247005A2EF9 /* SEMessageViewController.swift in Sources */ = {isa = PBXBuildFile; fileRef = 4240F0131E669247005A2EF9 /* SEMessageViewController.swift */; };
		4240F02E1E669247005A2EF9 /* SEBaseViewController.swift in Sources */ = {isa = PBXBuildFile; fileRef = 4240F0181E669247005A2EF9 /* SEBaseViewController.swift */; };
		4240F02F1E669247005A2EF9 /* SETabBarViewController.swift in Sources */ = {isa = PBXBuildFile; fileRef = 4240F01C1E669247005A2EF9 /* SETabBarViewController.swift */; };
		4240F0301E669247005A2EF9 /* SENavigationViewController.swift in Sources */ = {isa = PBXBuildFile; fileRef = 4240F01D1E669247005A2EF9 /* SENavigationViewController.swift */; };
		4240F0311E669247005A2EF9 /* SECommon.swift in Sources */ = {isa = PBXBuildFile; fileRef = 4240F01F1E669247005A2EF9 /* SECommon.swift */; };
		4240F0321E669247005A2EF9 /* SETools.swift in Sources */ = {isa = PBXBuildFile; fileRef = 4240F0201E669247005A2EF9 /* SETools.swift */; };
		4240F0331E669247005A2EF9 /* SNScoketConfig.swift in Sources */ = {isa = PBXBuildFile; fileRef = 4240F0251E669247005A2EF9 /* SNScoketConfig.swift */; };
		4240F0341E669247005A2EF9 /* SESocketRequestBaseManager.swift in Sources */ = {isa = PBXBuildFile; fileRef = 4240F0261E669247005A2EF9 /* SESocketRequestBaseManager.swift */; };
		4240F0351E669247005A2EF9 /* SESocketCommManager.swift in Sources */ = {isa = PBXBuildFile; fileRef = 4240F0271E669247005A2EF9 /* SESocketCommManager.swift */; };
		4240F0361E669247005A2EF9 /* SESocketManager.swift in Sources */ = {isa = PBXBuildFile; fileRef = 4240F0281E669247005A2EF9 /* SESocketManager.swift */; };
		8901BCF5516BD7BFA5E7E286 /* Pods_Swift_IM.framework in Frameworks */ = {isa = PBXBuildFile; fileRef = D4FFB3FF28BA89054C4C103B /* Pods_Swift_IM.framework */; };
/* End PBXBuildFile section */

/* Begin PBXContainerItemProxy section */
		4240EFF71E669198005A2EF9 /* PBXContainerItemProxy */ = {
			isa = PBXContainerItemProxy;
			containerPortal = 4240EFDA1E669198005A2EF9 /* Project object */;
			proxyType = 1;
			remoteGlobalIDString = 4240EFE11E669198005A2EF9;
			remoteInfo = "Swift-IM";
		};
		4240F0021E669198005A2EF9 /* PBXContainerItemProxy */ = {
			isa = PBXContainerItemProxy;
			containerPortal = 4240EFDA1E669198005A2EF9 /* Project object */;
			proxyType = 1;
			remoteGlobalIDString = 4240EFE11E669198005A2EF9;
			remoteInfo = "Swift-IM";
		};
/* End PBXContainerItemProxy section */

/* Begin PBXFileReference section */
		0F78A3B9579B274444D895BC /* Pods-Swift-IM.release.xcconfig */ = {isa = PBXFileReference; includeInIndex = 1; lastKnownFileType = text.xcconfig; name = "Pods-Swift-IM.release.xcconfig"; path = "Pods/Target Support Files/Pods-Swift-IM/Pods-Swift-IM.release.xcconfig"; sourceTree = "<group>"; };
		420BF23D1E6963AD000C189B /* SERequestPackage.swift */ = {isa = PBXFileReference; fileEncoding = 4; lastKnownFileType = sourcecode.swift; path = SERequestPackage.swift; sourceTree = "<group>"; };
		4240EFE21E669198005A2EF9 /* Swift-IM.app */ = {isa = PBXFileReference; explicitFileType = wrapper.application; includeInIndex = 0; path = "Swift-IM.app"; sourceTree = BUILT_PRODUCTS_DIR; };
		4240EFE51E669198005A2EF9 /* AppDelegate.swift */ = {isa = PBXFileReference; lastKnownFileType = sourcecode.swift; path = AppDelegate.swift; sourceTree = "<group>"; };
		4240EFEC1E669198005A2EF9 /* Assets.xcassets */ = {isa = PBXFileReference; lastKnownFileType = folder.assetcatalog; path = Assets.xcassets; sourceTree = "<group>"; };
		4240EFF11E669198005A2EF9 /* Info.plist */ = {isa = PBXFileReference; lastKnownFileType = text.plist.xml; path = Info.plist; sourceTree = "<group>"; };
		4240EFF61E669198005A2EF9 /* Swift-IMTests.xctest */ = {isa = PBXFileReference; explicitFileType = wrapper.cfbundle; includeInIndex = 0; path = "Swift-IMTests.xctest"; sourceTree = BUILT_PRODUCTS_DIR; };
		4240EFFA1E669198005A2EF9 /* Swift_IMTests.swift */ = {isa = PBXFileReference; lastKnownFileType = sourcecode.swift; path = Swift_IMTests.swift; sourceTree = "<group>"; };
		4240EFFC1E669198005A2EF9 /* Info.plist */ = {isa = PBXFileReference; lastKnownFileType = text.plist.xml; path = Info.plist; sourceTree = "<group>"; };
		4240F0011E669198005A2EF9 /* Swift-IMUITests.xctest */ = {isa = PBXFileReference; explicitFileType = wrapper.cfbundle; includeInIndex = 0; path = "Swift-IMUITests.xctest"; sourceTree = BUILT_PRODUCTS_DIR; };
		4240F0051E669198005A2EF9 /* Swift_IMUITests.swift */ = {isa = PBXFileReference; lastKnownFileType = sourcecode.swift; path = Swift_IMUITests.swift; sourceTree = "<group>"; };
		4240F0071E669198005A2EF9 /* Info.plist */ = {isa = PBXFileReference; lastKnownFileType = text.plist.xml; path = Info.plist; sourceTree = "<group>"; };
		4240F0131E669247005A2EF9 /* SEMessageViewController.swift */ = {isa = PBXFileReference; fileEncoding = 4; lastKnownFileType = sourcecode.swift; path = SEMessageViewController.swift; sourceTree = "<group>"; };
		4240F0181E669247005A2EF9 /* SEBaseViewController.swift */ = {isa = PBXFileReference; fileEncoding = 4; lastKnownFileType = sourcecode.swift; path = SEBaseViewController.swift; sourceTree = "<group>"; };
		4240F01C1E669247005A2EF9 /* SETabBarViewController.swift */ = {isa = PBXFileReference; fileEncoding = 4; lastKnownFileType = sourcecode.swift; path = SETabBarViewController.swift; sourceTree = "<group>"; };
		4240F01D1E669247005A2EF9 /* SENavigationViewController.swift */ = {isa = PBXFileReference; fileEncoding = 4; lastKnownFileType = sourcecode.swift; path = SENavigationViewController.swift; sourceTree = "<group>"; };
		4240F01F1E669247005A2EF9 /* SECommon.swift */ = {isa = PBXFileReference; fileEncoding = 4; lastKnownFileType = sourcecode.swift; path = SECommon.swift; sourceTree = "<group>"; };
		4240F0201E669247005A2EF9 /* SETools.swift */ = {isa = PBXFileReference; fileEncoding = 4; lastKnownFileType = sourcecode.swift; path = SETools.swift; sourceTree = "<group>"; };
		4240F0251E669247005A2EF9 /* SNScoketConfig.swift */ = {isa = PBXFileReference; fileEncoding = 4; lastKnownFileType = sourcecode.swift; path = SNScoketConfig.swift; sourceTree = "<group>"; };
		4240F0261E669247005A2EF9 /* SESocketRequestBaseManager.swift */ = {isa = PBXFileReference; fileEncoding = 4; lastKnownFileType = sourcecode.swift; path = SESocketRequestBaseManager.swift; sourceTree = "<group>"; };
		4240F0271E669247005A2EF9 /* SESocketCommManager.swift */ = {isa = PBXFileReference; fileEncoding = 4; lastKnownFileType = sourcecode.swift; path = SESocketCommManager.swift; sourceTree = "<group>"; };
		4240F0281E669247005A2EF9 /* SESocketManager.swift */ = {isa = PBXFileReference; fileEncoding = 4; lastKnownFileType = sourcecode.swift; path = SESocketManager.swift; sourceTree = "<group>"; };
		4240F0391E66975B005A2EF9 /* Alamofire.framework */ = {isa = PBXFileReference; lastKnownFileType = wrapper.framework; name = Alamofire.framework; path = Carthage/Build/iOS/Alamofire.framework; sourceTree = "<group>"; };
		CA7B77D586F16955F7AA8217 /* Pods-Swift-IM.debug.xcconfig */ = {isa = PBXFileReference; includeInIndex = 1; lastKnownFileType = text.xcconfig; name = "Pods-Swift-IM.debug.xcconfig"; path = "Pods/Target Support Files/Pods-Swift-IM/Pods-Swift-IM.debug.xcconfig"; sourceTree = "<group>"; };
		D4FFB3FF28BA89054C4C103B /* Pods_Swift_IM.framework */ = {isa = PBXFileReference; explicitFileType = wrapper.framework; includeInIndex = 0; path = Pods_Swift_IM.framework; sourceTree = BUILT_PRODUCTS_DIR; };
/* End PBXFileReference section */

/* Begin PBXFrameworksBuildPhase section */
		4240EFDF1E669198005A2EF9 /* Frameworks */ = {
			isa = PBXFrameworksBuildPhase;
			buildActionMask = 2147483647;
			files = (
				8901BCF5516BD7BFA5E7E286 /* Pods_Swift_IM.framework in Frameworks */,
			);
			runOnlyForDeploymentPostprocessing = 0;
		};
		4240EFF31E669198005A2EF9 /* Frameworks */ = {
			isa = PBXFrameworksBuildPhase;
			buildActionMask = 2147483647;
			files = (
			);
			runOnlyForDeploymentPostprocessing = 0;
		};
		4240EFFE1E669198005A2EF9 /* Frameworks */ = {
			isa = PBXFrameworksBuildPhase;
			buildActionMask = 2147483647;
			files = (
			);
			runOnlyForDeploymentPostprocessing = 0;
		};
/* End PBXFrameworksBuildPhase section */

/* Begin PBXGroup section */
		2D4114374042ACC1CEAF38C6 /* Pods */ = {
			isa = PBXGroup;
			children = (
				CA7B77D586F16955F7AA8217 /* Pods-Swift-IM.debug.xcconfig */,
				0F78A3B9579B274444D895BC /* Pods-Swift-IM.release.xcconfig */,
			);
			name = Pods;
			sourceTree = "<group>";
		};
		4240EFD91E669198005A2EF9 = {
			isa = PBXGroup;
			children = (
				4240EFE41E669198005A2EF9 /* Swift-IM */,
				4240EFF91E669198005A2EF9 /* Swift-IMTests */,
				4240F0041E669198005A2EF9 /* Swift-IMUITests */,
				4240EFE31E669198005A2EF9 /* Products */,
				4240F0381E66975B005A2EF9 /* Frameworks */,
				2D4114374042ACC1CEAF38C6 /* Pods */,
			);
			sourceTree = "<group>";
		};
		4240EFE31E669198005A2EF9 /* Products */ = {
			isa = PBXGroup;
			children = (
				4240EFE21E669198005A2EF9 /* Swift-IM.app */,
				4240EFF61E669198005A2EF9 /* Swift-IMTests.xctest */,
				4240F0011E669198005A2EF9 /* Swift-IMUITests.xctest */,
			);
			name = Products;
			sourceTree = "<group>";
		};
		4240EFE41E669198005A2EF9 /* Swift-IM */ = {
			isa = PBXGroup;
			children = (
				4240EFE51E669198005A2EF9 /* AppDelegate.swift */,
				4240F02C1E669247005A2EF9 /* Classes */,
				4240EFEC1E669198005A2EF9 /* Assets.xcassets */,
				4240EFF11E669198005A2EF9 /* Info.plist */,
			);
			path = "Swift-IM";
			sourceTree = "<group>";
		};
		4240EFF91E669198005A2EF9 /* Swift-IMTests */ = {
			isa = PBXGroup;
			children = (
				4240EFFA1E669198005A2EF9 /* Swift_IMTests.swift */,
				4240EFFC1E669198005A2EF9 /* Info.plist */,
			);
			path = "Swift-IMTests";
			sourceTree = "<group>";
		};
		4240F0041E669198005A2EF9 /* Swift-IMUITests */ = {
			isa = PBXGroup;
			children = (
				4240F0051E669198005A2EF9 /* Swift_IMUITests.swift */,
				4240F0071E669198005A2EF9 /* Info.plist */,
			);
			path = "Swift-IMUITests";
			sourceTree = "<group>";
		};
		4240F0141E669247005A2EF9 /* Controller */ = {
			isa = PBXGroup;
			children = (
				4240F0131E669247005A2EF9 /* SEMessageViewController.swift */,
			);
			name = Controller;
			sourceTree = "<group>";
		};
		4240F0151E669247005A2EF9 /* Model */ = {
			isa = PBXGroup;
			children = (
			);
			name = Model;
			sourceTree = "<group>";
		};
		4240F0161E669247005A2EF9 /* View */ = {
			isa = PBXGroup;
			children = (
			);
			name = View;
			sourceTree = "<group>";
		};
		4240F0171E669247005A2EF9 /* Message */ = {
			isa = PBXGroup;
			children = (
				4240F0141E669247005A2EF9 /* Controller */,
				4240F0151E669247005A2EF9 /* Model */,
				4240F0161E669247005A2EF9 /* View */,
			);
			name = Message;
			sourceTree = "<group>";
		};
		4240F0191E669247005A2EF9 /* Controller */ = {
			isa = PBXGroup;
			children = (
				4240F0181E669247005A2EF9 /* SEBaseViewController.swift */,
			);
			name = Controller;
			sourceTree = "<group>";
		};
		4240F01A1E669247005A2EF9 /* Model */ = {
			isa = PBXGroup;
			children = (
			);
			name = Model;
			sourceTree = "<group>";
		};
		4240F01B1E669247005A2EF9 /* View */ = {
			isa = PBXGroup;
			children = (
			);
			name = View;
			sourceTree = "<group>";
		};
		4240F01E1E669247005A2EF9 /* Other */ = {
			isa = PBXGroup;
			children = (
				4240F01C1E669247005A2EF9 /* SETabBarViewController.swift */,
				4240F01D1E669247005A2EF9 /* SENavigationViewController.swift */,
			);
			name = Other;
			sourceTree = "<group>";
		};
		4240F0211E669247005A2EF9 /* Tools */ = {
			isa = PBXGroup;
			children = (
				4240F01F1E669247005A2EF9 /* SECommon.swift */,
				4240F0201E669247005A2EF9 /* SETools.swift */,
			);
			name = Tools;
			sourceTree = "<group>";
		};
		4240F0221E669247005A2EF9 /* Category */ = {
			isa = PBXGroup;
			children = (
			);
			name = Category;
			sourceTree = "<group>";
		};
		4240F0231E669247005A2EF9 /* Network */ = {
			isa = PBXGroup;
			children = (
			);
			name = Network;
			sourceTree = "<group>";
		};
		4240F0241E669247005A2EF9 /* Database */ = {
			isa = PBXGroup;
			children = (
			);
			name = Database;
			sourceTree = "<group>";
		};
		4240F0291E669247005A2EF9 /* TCP */ = {
			isa = PBXGroup;
			children = (
				4240F0251E669247005A2EF9 /* SNScoketConfig.swift */,
				420BF23D1E6963AD000C189B /* SERequestPackage.swift */,
				4240F0261E669247005A2EF9 /* SESocketRequestBaseManager.swift */,
				4240F0271E669247005A2EF9 /* SESocketCommManager.swift */,
				4240F0281E669247005A2EF9 /* SESocketManager.swift */,
			);
			name = TCP;
			sourceTree = "<group>";
		};
		4240F02A1E669247005A2EF9 /* Service */ = {
			isa = PBXGroup;
			children = (
				4240F0231E669247005A2EF9 /* Network */,
				4240F0241E669247005A2EF9 /* Database */,
				4240F0291E669247005A2EF9 /* TCP */,
			);
			name = Service;
			sourceTree = "<group>";
		};
		4240F02B1E669247005A2EF9 /* Main */ = {
			isa = PBXGroup;
			children = (
				4240F0191E669247005A2EF9 /* Controller */,
				4240F01A1E669247005A2EF9 /* Model */,
				4240F01B1E669247005A2EF9 /* View */,
				4240F01E1E669247005A2EF9 /* Other */,
				4240F0211E669247005A2EF9 /* Tools */,
				4240F0221E669247005A2EF9 /* Category */,
				4240F02A1E669247005A2EF9 /* Service */,
			);
			name = Main;
			sourceTree = "<group>";
		};
		4240F02C1E669247005A2EF9 /* Classes */ = {
			isa = PBXGroup;
			children = (
				4240F0171E669247005A2EF9 /* Message */,
				4240F02B1E669247005A2EF9 /* Main */,
			);
			name = Classes;
			path = "../../../Desktop/Swift-IM/Swift-IM/Classes";
			sourceTree = "<group>";
		};
		4240F0381E66975B005A2EF9 /* Frameworks */ = {
			isa = PBXGroup;
			children = (
				4240F0391E66975B005A2EF9 /* Alamofire.framework */,
				D4FFB3FF28BA89054C4C103B /* Pods_Swift_IM.framework */,
			);
			name = Frameworks;
			sourceTree = "<group>";
		};
/* End PBXGroup section */

/* Begin PBXNativeTarget section */
		4240EFE11E669198005A2EF9 /* Swift-IM */ = {
			isa = PBXNativeTarget;
			buildConfigurationList = 4240F00A1E669198005A2EF9 /* Build configuration list for PBXNativeTarget "Swift-IM" */;
			buildPhases = (
				D292FF647CA2F453C6925BD9 /* [CP] Check Pods Manifest.lock */,
				4240EFDE1E669198005A2EF9 /* Sources */,
				4240EFDF1E669198005A2EF9 /* Frameworks */,
				4240EFE01E669198005A2EF9 /* Resources */,
				4240F0371E669334005A2EF9 /* ShellScript */,
				BCBF321199F51A9D1EF137BE /* [CP] Embed Pods Frameworks */,
				9ECEFB62F029F71F08D3CDF5 /* [CP] Copy Pods Resources */,
			);
			buildRules = (
			);
			dependencies = (
			);
			name = "Swift-IM";
			productName = "Swift-IM";
			productReference = 4240EFE21E669198005A2EF9 /* Swift-IM.app */;
			productType = "com.apple.product-type.application";
		};
		4240EFF51E669198005A2EF9 /* Swift-IMTests */ = {
			isa = PBXNativeTarget;
			buildConfigurationList = 4240F00D1E669198005A2EF9 /* Build configuration list for PBXNativeTarget "Swift-IMTests" */;
			buildPhases = (
				4240EFF21E669198005A2EF9 /* Sources */,
				4240EFF31E669198005A2EF9 /* Frameworks */,
				4240EFF41E669198005A2EF9 /* Resources */,
			);
			buildRules = (
			);
			dependencies = (
				4240EFF81E669198005A2EF9 /* PBXTargetDependency */,
			);
			name = "Swift-IMTests";
			productName = "Swift-IMTests";
			productReference = 4240EFF61E669198005A2EF9 /* Swift-IMTests.xctest */;
			productType = "com.apple.product-type.bundle.unit-test";
		};
		4240F0001E669198005A2EF9 /* Swift-IMUITests */ = {
			isa = PBXNativeTarget;
			buildConfigurationList = 4240F0101E669198005A2EF9 /* Build configuration list for PBXNativeTarget "Swift-IMUITests" */;
			buildPhases = (
				4240EFFD1E669198005A2EF9 /* Sources */,
				4240EFFE1E669198005A2EF9 /* Frameworks */,
				4240EFFF1E669198005A2EF9 /* Resources */,
			);
			buildRules = (
			);
			dependencies = (
				4240F0031E669198005A2EF9 /* PBXTargetDependency */,
			);
			name = "Swift-IMUITests";
			productName = "Swift-IMUITests";
			productReference = 4240F0011E669198005A2EF9 /* Swift-IMUITests.xctest */;
			productType = "com.apple.product-type.bundle.ui-testing";
		};
/* End PBXNativeTarget section */

/* Begin PBXProject section */
		4240EFDA1E669198005A2EF9 /* Project object */ = {
			isa = PBXProject;
			attributes = {
				LastSwiftUpdateCheck = 0820;
				LastUpgradeCheck = 0820;
				ORGANIZATIONNAME = bocom;
				TargetAttributes = {
					4240EFE11E669198005A2EF9 = {
						CreatedOnToolsVersion = 8.2.1;
						DevelopmentTeam = HXA3E8963G;
						ProvisioningStyle = Automatic;
					};
					4240EFF51E669198005A2EF9 = {
						CreatedOnToolsVersion = 8.2.1;
						ProvisioningStyle = Automatic;
						TestTargetID = 4240EFE11E669198005A2EF9;
					};
					4240F0001E669198005A2EF9 = {
						CreatedOnToolsVersion = 8.2.1;
						ProvisioningStyle = Automatic;
						TestTargetID = 4240EFE11E669198005A2EF9;
					};
				};
			};
			buildConfigurationList = 4240EFDD1E669198005A2EF9 /* Build configuration list for PBXProject "Swift-IM" */;
			compatibilityVersion = "Xcode 3.2";
			developmentRegion = English;
			hasScannedForEncodings = 0;
			knownRegions = (
				en,
				Base,
			);
			mainGroup = 4240EFD91E669198005A2EF9;
			productRefGroup = 4240EFE31E669198005A2EF9 /* Products */;
			projectDirPath = "";
			projectRoot = "";
			targets = (
				4240EFE11E669198005A2EF9 /* Swift-IM */,
				4240EFF51E669198005A2EF9 /* Swift-IMTests */,
				4240F0001E669198005A2EF9 /* Swift-IMUITests */,
			);
		};
/* End PBXProject section */

/* Begin PBXResourcesBuildPhase section */
		4240EFE01E669198005A2EF9 /* Resources */ = {
			isa = PBXResourcesBuildPhase;
			buildActionMask = 2147483647;
			files = (
				4240EFED1E669198005A2EF9 /* Assets.xcassets in Resources */,
			);
			runOnlyForDeploymentPostprocessing = 0;
		};
		4240EFF41E669198005A2EF9 /* Resources */ = {
			isa = PBXResourcesBuildPhase;
			buildActionMask = 2147483647;
			files = (
			);
			runOnlyForDeploymentPostprocessing = 0;
		};
		4240EFFF1E669198005A2EF9 /* Resources */ = {
			isa = PBXResourcesBuildPhase;
			buildActionMask = 2147483647;
			files = (
			);
			runOnlyForDeploymentPostprocessing = 0;
		};
/* End PBXResourcesBuildPhase section */

/* Begin PBXShellScriptBuildPhase section */
		4240F0371E669334005A2EF9 /* ShellScript */ = {
			isa = PBXShellScriptBuildPhase;
			buildActionMask = 2147483647;
			files = (
			);
			inputPaths = (
				"$(SRCROOT)/Carthage/Build/iOS/Alamofire.framework",
			);
			outputPaths = (
			);
			runOnlyForDeploymentPostprocessing = 0;
			shellPath = /bin/sh;
			shellScript = "/usr/local/bin/carthage copy-frameworks";
		};
		9ECEFB62F029F71F08D3CDF5 /* [CP] Copy Pods Resources */ = {
			isa = PBXShellScriptBuildPhase;
			buildActionMask = 2147483647;
			files = (
			);
			inputPaths = (
			);
			name = "[CP] Copy Pods Resources";
			outputPaths = (
			);
			runOnlyForDeploymentPostprocessing = 0;
			shellPath = /bin/sh;
			shellScript = "\"${SRCROOT}/Pods/Target Support Files/Pods-Swift-IM/Pods-Swift-IM-resources.sh\"\n";
			showEnvVarsInLog = 0;
		};
		BCBF321199F51A9D1EF137BE /* [CP] Embed Pods Frameworks */ = {
			isa = PBXShellScriptBuildPhase;
			buildActionMask = 2147483647;
			files = (
			);
			inputPaths = (
			);
			name = "[CP] Embed Pods Frameworks";
			outputPaths = (
			);
			runOnlyForDeploymentPostprocessing = 0;
			shellPath = /bin/sh;
			shellScript = "\"${SRCROOT}/Pods/Target Support Files/Pods-Swift-IM/Pods-Swift-IM-frameworks.sh\"\n";
			showEnvVarsInLog = 0;
		};
		D292FF647CA2F453C6925BD9 /* [CP] Check Pods Manifest.lock */ = {
			isa = PBXShellScriptBuildPhase;
			buildActionMask = 2147483647;
			files = (
			);
			inputPaths = (
			);
			name = "[CP] Check Pods Manifest.lock";
			outputPaths = (
			);
			runOnlyForDeploymentPostprocessing = 0;
			shellPath = /bin/sh;
			shellScript = "diff \"${PODS_ROOT}/../Podfile.lock\" \"${PODS_ROOT}/Manifest.lock\" > /dev/null\nif [ $? != 0 ] ; then\n    # print error to STDERR\n    echo \"error: The sandbox is not in sync with the Podfile.lock. Run 'pod install' or update your CocoaPods installation.\" >&2\n    exit 1\nfi\n";
			showEnvVarsInLog = 0;
		};
/* End PBXShellScriptBuildPhase section */

/* Begin PBXSourcesBuildPhase section */
		4240EFDE1E669198005A2EF9 /* Sources */ = {
			isa = PBXSourcesBuildPhase;
			buildActionMask = 2147483647;
			files = (
				4240F0301E669247005A2EF9 /* SENavigationViewController.swift in Sources */,
				4240F02D1E669247005A2EF9 /* SEMessageViewController.swift in Sources */,
				4240F0311E669247005A2EF9 /* SECommon.swift in Sources */,
				4240F02E1E669247005A2EF9 /* SEBaseViewController.swift in Sources */,
				4240F0351E669247005A2EF9 /* SESocketCommManager.swift in Sources */,
				4240F02F1E669247005A2EF9 /* SETabBarViewController.swift in Sources */,
				4240F0321E669247005A2EF9 /* SETools.swift in Sources */,
				4240EFE61E669198005A2EF9 /* AppDelegate.swift in Sources */,
				4240F0361E669247005A2EF9 /* SESocketManager.swift in Sources */,
				4240F0331E669247005A2EF9 /* SNScoketConfig.swift in Sources */,
				420BF23E1E6963AD000C189B /* SERequestPackage.swift in Sources */,
				4240F0341E669247005A2EF9 /* SESocketRequestBaseManager.swift in Sources */,
			);
			runOnlyForDeploymentPostprocessing = 0;
		};
		4240EFF21E669198005A2EF9 /* Sources */ = {
			isa = PBXSourcesBuildPhase;
			buildActionMask = 2147483647;
			files = (
				4240EFFB1E669198005A2EF9 /* Swift_IMTests.swift in Sources */,
			);
			runOnlyForDeploymentPostprocessing = 0;
		};
		4240EFFD1E669198005A2EF9 /* Sources */ = {
			isa = PBXSourcesBuildPhase;
			buildActionMask = 2147483647;
			files = (
				4240F0061E669198005A2EF9 /* Swift_IMUITests.swift in Sources */,
			);
			runOnlyForDeploymentPostprocessing = 0;
		};
/* End PBXSourcesBuildPhase section */

/* Begin PBXTargetDependency section */
		4240EFF81E669198005A2EF9 /* PBXTargetDependency */ = {
			isa = PBXTargetDependency;
			target = 4240EFE11E669198005A2EF9 /* Swift-IM */;
			targetProxy = 4240EFF71E669198005A2EF9 /* PBXContainerItemProxy */;
		};
		4240F0031E669198005A2EF9 /* PBXTargetDependency */ = {
			isa = PBXTargetDependency;
			target = 4240EFE11E669198005A2EF9 /* Swift-IM */;
			targetProxy = 4240F0021E669198005A2EF9 /* PBXContainerItemProxy */;
		};
/* End PBXTargetDependency section */

/* Begin XCBuildConfiguration section */
		4240F0081E669198005A2EF9 /* Debug */ = {
			isa = XCBuildConfiguration;
			buildSettings = {
				ALWAYS_SEARCH_USER_PATHS = NO;
				CLANG_ANALYZER_NONNULL = YES;
				CLANG_CXX_LANGUAGE_STANDARD = "gnu++0x";
				CLANG_CXX_LIBRARY = "libc++";
				CLANG_ENABLE_MODULES = YES;
				CLANG_ENABLE_OBJC_ARC = YES;
				CLANG_WARN_BOOL_CONVERSION = YES;
				CLANG_WARN_CONSTANT_CONVERSION = YES;
				CLANG_WARN_DIRECT_OBJC_ISA_USAGE = YES_ERROR;
				CLANG_WARN_DOCUMENTATION_COMMENTS = YES;
				CLANG_WARN_EMPTY_BODY = YES;
				CLANG_WARN_ENUM_CONVERSION = YES;
				CLANG_WARN_INFINITE_RECURSION = YES;
				CLANG_WARN_INT_CONVERSION = YES;
				CLANG_WARN_OBJC_ROOT_CLASS = YES_ERROR;
				CLANG_WARN_SUSPICIOUS_MOVE = YES;
				CLANG_WARN_UNREACHABLE_CODE = YES;
				CLANG_WARN__DUPLICATE_METHOD_MATCH = YES;
				"CODE_SIGN_IDENTITY[sdk=iphoneos*]" = "iPhone Developer";
				COPY_PHASE_STRIP = NO;
				DEBUG_INFORMATION_FORMAT = dwarf;
				ENABLE_STRICT_OBJC_MSGSEND = YES;
				ENABLE_TESTABILITY = YES;
				GCC_C_LANGUAGE_STANDARD = gnu99;
				GCC_DYNAMIC_NO_PIC = NO;
				GCC_NO_COMMON_BLOCKS = YES;
				GCC_OPTIMIZATION_LEVEL = 0;
				GCC_PREPROCESSOR_DEFINITIONS = (
					"DEBUG=1",
					"$(inherited)",
				);
				GCC_WARN_64_TO_32_BIT_CONVERSION = YES;
				GCC_WARN_ABOUT_RETURN_TYPE = YES_ERROR;
				GCC_WARN_UNDECLARED_SELECTOR = YES;
				GCC_WARN_UNINITIALIZED_AUTOS = YES_AGGRESSIVE;
				GCC_WARN_UNUSED_FUNCTION = YES;
				GCC_WARN_UNUSED_VARIABLE = YES;
				IPHONEOS_DEPLOYMENT_TARGET = 10.2;
				MTL_ENABLE_DEBUG_INFO = YES;
				ONLY_ACTIVE_ARCH = YES;
				SDKROOT = iphoneos;
				SWIFT_ACTIVE_COMPILATION_CONDITIONS = DEBUG;
				SWIFT_OPTIMIZATION_LEVEL = "-Onone";
			};
			name = Debug;
		};
		4240F0091E669198005A2EF9 /* Release */ = {
			isa = XCBuildConfiguration;
			buildSettings = {
				ALWAYS_SEARCH_USER_PATHS = NO;
				CLANG_ANALYZER_NONNULL = YES;
				CLANG_CXX_LANGUAGE_STANDARD = "gnu++0x";
				CLANG_CXX_LIBRARY = "libc++";
				CLANG_ENABLE_MODULES = YES;
				CLANG_ENABLE_OBJC_ARC = YES;
				CLANG_WARN_BOOL_CONVERSION = YES;
				CLANG_WARN_CONSTANT_CONVERSION = YES;
				CLANG_WARN_DIRECT_OBJC_ISA_USAGE = YES_ERROR;
				CLANG_WARN_DOCUMENTATION_COMMENTS = YES;
				CLANG_WARN_EMPTY_BODY = YES;
				CLANG_WARN_ENUM_CONVERSION = YES;
				CLANG_WARN_INFINITE_RECURSION = YES;
				CLANG_WARN_INT_CONVERSION = YES;
				CLANG_WARN_OBJC_ROOT_CLASS = YES_ERROR;
				CLANG_WARN_SUSPICIOUS_MOVE = YES;
				CLANG_WARN_UNREACHABLE_CODE = YES;
				CLANG_WARN__DUPLICATE_METHOD_MATCH = YES;
				"CODE_SIGN_IDENTITY[sdk=iphoneos*]" = "iPhone Developer";
				COPY_PHASE_STRIP = NO;
				DEBUG_INFORMATION_FORMAT = "dwarf-with-dsym";
				ENABLE_NS_ASSERTIONS = NO;
				ENABLE_STRICT_OBJC_MSGSEND = YES;
				GCC_C_LANGUAGE_STANDARD = gnu99;
				GCC_NO_COMMON_BLOCKS = YES;
				GCC_WARN_64_TO_32_BIT_CONVERSION = YES;
				GCC_WARN_ABOUT_RETURN_TYPE = YES_ERROR;
				GCC_WARN_UNDECLARED_SELECTOR = YES;
				GCC_WARN_UNINITIALIZED_AUTOS = YES_AGGRESSIVE;
				GCC_WARN_UNUSED_FUNCTION = YES;
				GCC_WARN_UNUSED_VARIABLE = YES;
				IPHONEOS_DEPLOYMENT_TARGET = 10.2;
				MTL_ENABLE_DEBUG_INFO = NO;
				SDKROOT = iphoneos;
				SWIFT_OPTIMIZATION_LEVEL = "-Owholemodule";
				VALIDATE_PRODUCT = YES;
			};
			name = Release;
		};
		4240F00B1E669198005A2EF9 /* Debug */ = {
			isa = XCBuildConfiguration;
			baseConfigurationReference = CA7B77D586F16955F7AA8217 /* Pods-Swift-IM.debug.xcconfig */;
			buildSettings = {
				ASSETCATALOG_COMPILER_APPICON_NAME = AppIcon;
				DEVELOPMENT_TEAM = HXA3E8963G;
				FRAMEWORK_SEARCH_PATHS = (
					"$(inherited)",
					"$(PROJECT_DIR)/Carthage/Build/iOS",
				);
				INFOPLIST_FILE = "Swift-IM/Info.plist";
				IPHONEOS_DEPLOYMENT_TARGET = 8.0;
				LD_RUNPATH_SEARCH_PATHS = "$(inherited) @executable_path/Frameworks";
				PRODUCT_BUNDLE_IDENTIFIER = cn.icom.dev.app;
				PRODUCT_NAME = "$(TARGET_NAME)";
				SWIFT_VERSION = 3.0;
				USER_HEADER_SEARCH_PATHS = "${SRCROOT}/**";
			};
			name = Debug;
		};
		4240F00C1E669198005A2EF9 /* Release */ = {
			isa = XCBuildConfiguration;
			baseConfigurationReference = 0F78A3B9579B274444D895BC /* Pods-Swift-IM.release.xcconfig */;
			buildSettings = {
				ASSETCATALOG_COMPILER_APPICON_NAME = AppIcon;
				DEVELOPMENT_TEAM = HXA3E8963G;
				FRAMEWORK_SEARCH_PATHS = (
					"$(inherited)",
					"$(PROJECT_DIR)/Carthage/Build/iOS",
				);
				INFOPLIST_FILE = "Swift-IM/Info.plist";
				IPHONEOS_DEPLOYMENT_TARGET = 8.0;
				LD_RUNPATH_SEARCH_PATHS = "$(inherited) @executable_path/Frameworks";
				PRODUCT_BUNDLE_IDENTIFIER = cn.icom.dev.app;
				PRODUCT_NAME = "$(TARGET_NAME)";
				SWIFT_VERSION = 3.0;
				USER_HEADER_SEARCH_PATHS = "${SRCROOT}/**";
			};
			name = Release;
		};
		4240F00E1E669198005A2EF9 /* Debug */ = {
			isa = XCBuildConfiguration;
			buildSettings = {
				ALWAYS_EMBED_SWIFT_STANDARD_LIBRARIES = YES;
				BUNDLE_LOADER = "$(TEST_HOST)";
				INFOPLIST_FILE = "Swift-IMTests/Info.plist";
				LD_RUNPATH_SEARCH_PATHS = "$(inherited) @executable_path/Frameworks @loader_path/Frameworks";
				PRODUCT_BUNDLE_IDENTIFIER = "bocom.Swift-IMTests";
				PRODUCT_NAME = "$(TARGET_NAME)";
				SWIFT_VERSION = 3.0;
				TEST_HOST = "$(BUILT_PRODUCTS_DIR)/Swift-IM.app/Swift-IM";
			};
			name = Debug;
		};
		4240F00F1E669198005A2EF9 /* Release */ = {
			isa = XCBuildConfiguration;
			buildSettings = {
				ALWAYS_EMBED_SWIFT_STANDARD_LIBRARIES = YES;
				BUNDLE_LOADER = "$(TEST_HOST)";
				INFOPLIST_FILE = "Swift-IMTests/Info.plist";
				LD_RUNPATH_SEARCH_PATHS = "$(inherited) @executable_path/Frameworks @loader_path/Frameworks";
				PRODUCT_BUNDLE_IDENTIFIER = "bocom.Swift-IMTests";
				PRODUCT_NAME = "$(TARGET_NAME)";
				SWIFT_VERSION = 3.0;
				TEST_HOST = "$(BUILT_PRODUCTS_DIR)/Swift-IM.app/Swift-IM";
			};
			name = Release;
		};
		4240F0111E669198005A2EF9 /* Debug */ = {
			isa = XCBuildConfiguration;
			buildSettings = {
				ALWAYS_EMBED_SWIFT_STANDARD_LIBRARIES = YES;
				INFOPLIST_FILE = "Swift-IMUITests/Info.plist";
				LD_RUNPATH_SEARCH_PATHS = "$(inherited) @executable_path/Frameworks @loader_path/Frameworks";
				PRODUCT_BUNDLE_IDENTIFIER = "bocom.Swift-IMUITests";
				PRODUCT_NAME = "$(TARGET_NAME)";
				SWIFT_VERSION = 3.0;
				TEST_TARGET_NAME = "Swift-IM";
			};
			name = Debug;
		};
		4240F0121E669198005A2EF9 /* Release */ = {
			isa = XCBuildConfiguration;
			buildSettings = {
				ALWAYS_EMBED_SWIFT_STANDARD_LIBRARIES = YES;
				INFOPLIST_FILE = "Swift-IMUITests/Info.plist";
				LD_RUNPATH_SEARCH_PATHS = "$(inherited) @executable_path/Frameworks @loader_path/Frameworks";
				PRODUCT_BUNDLE_IDENTIFIER = "bocom.Swift-IMUITests";
				PRODUCT_NAME = "$(TARGET_NAME)";
				SWIFT_VERSION = 3.0;
				TEST_TARGET_NAME = "Swift-IM";
			};
			name = Release;
		};
/* End XCBuildConfiguration section */

/* Begin XCConfigurationList section */
		4240EFDD1E669198005A2EF9 /* Build configuration list for PBXProject "Swift-IM" */ = {
			isa = XCConfigurationList;
			buildConfigurations = (
				4240F0081E669198005A2EF9 /* Debug */,
				4240F0091E669198005A2EF9 /* Release */,
			);
			defaultConfigurationIsVisible = 0;
			defaultConfigurationName = Release;
		};
		4240F00A1E669198005A2EF9 /* Build configuration list for PBXNativeTarget "Swift-IM" */ = {
			isa = XCConfigurationList;
			buildConfigurations = (
				4240F00B1E669198005A2EF9 /* Debug */,
				4240F00C1E669198005A2EF9 /* Release */,
			);
			defaultConfigurationIsVisible = 0;
			defaultConfigurationName = Release;
		};
		4240F00D1E669198005A2EF9 /* Build configuration list for PBXNativeTarget "Swift-IMTests" */ = {
			isa = XCConfigurationList;
			buildConfigurations = (
				4240F00E1E669198005A2EF9 /* Debug */,
				4240F00F1E669198005A2EF9 /* Release */,
			);
			defaultConfigurationIsVisible = 0;
			defaultConfigurationName = Release;
		};
		4240F0101E669198005A2EF9 /* Build configuration list for PBXNativeTarget "Swift-IMUITests" */ = {
			isa = XCConfigurationList;
			buildConfigurations = (
				4240F0111E669198005A2EF9 /* Debug */,
				4240F0121E669198005A2EF9 /* Release */,
			);
			defaultConfigurationIsVisible = 0;
			defaultConfigurationName = Release;
		};
/* End XCConfigurationList section */
	};
	rootObject = 4240EFDA1E669198005A2EF9 /* Project object */;
}
